
Microsoft Visual Studio Solution File, Format Version 12.00
# Visual Studio Version 17
VisualStudioVersion = 17.4.33403.182
MinimumVisualStudioVersion = 10.0.40219.1
Project("{FAE04EC0-301F-11D3-BF4B-00C04F79EFBC}") = "SystemProgramming-111", "SystemProgramming-111.csproj", "{D755006F-B9E4-4ADF-903E-9381CCA5FFEF}"
EndProject
Global
	GlobalSection(SolutionConfigurationPlatforms) = preSolution
		Debug|Any CPU = Debug|Any CPU
		Release|Any CPU = Release|Any CPU
	EndGlobalSection
	GlobalSection(ProjectConfigurationPlatforms) = postSolution
		{D755006F-B9E4-4ADF-903E-9381CCA5FFEF}.Debug|Any CPU.ActiveCfg = Debug|Any CPU
		{D755006F-B9E4-4ADF-903E-9381CCA5FFEF}.Debug|Any CPU.Build.0 = Debug|Any CPU
		{D755006F-B9E4-4ADF-903E-9381CCA5FFEF}.Release|Any CPU.ActiveCfg = Release|Any CPU
		{D755006F-B9E4-4ADF-903E-9381CCA5FFEF}.Release|Any CPU.Build.0 = Release|Any CPU
	EndGlobalSection
	GlobalSection(SolutionProperties) = preSolution
		HideSolutionNode = FALSE
	EndGlobalSection
	GlobalSection(ExtensibilityGlobals) = postSolution
		SolutionGuid = {792ECE98-2DE6-419E-91F0-947D539B50F0}
	EndGlobalSection
EndGlobal
